// !$*UTF8*$!
{
	archiveVersion = 1;
	classes = {
	};
	objectVersion = 45;
	objects = {

/* Begin PBXBuildFile section */
		0B106B74117B9F67006739B8 /* FNApplicationGlue.m in Sources */ = {isa = PBXBuildFile; fileRef = 0B106B6A117B9F67006739B8 /* FNApplicationGlue.m */; };
		0B106B75117B9F67006739B8 /* FNCommandGlue.m in Sources */ = {isa = PBXBuildFile; fileRef = 0B106B6C117B9F67006739B8 /* FNCommandGlue.m */; };
		0B106B76117B9F67006739B8 /* FNConstantGlue.m in Sources */ = {isa = PBXBuildFile; fileRef = 0B106B6E117B9F67006739B8 /* FNConstantGlue.m */; };
		0B106B77117B9F67006739B8 /* FNReferenceGlue.m in Sources */ = {isa = PBXBuildFile; fileRef = 0B106B71117B9F67006739B8 /* FNReferenceGlue.m */; };
		0B106B78117B9F67006739B8 /* FNReferenceRendererGlue.m in Sources */ = {isa = PBXBuildFile; fileRef = 0B106B73117B9F67006739B8 /* FNReferenceRendererGlue.m */; };
		0B19DE8711274B4E00B13C62 /* AppleScript.c in Sources */ = {isa = PBXBuildFile; fileRef = 0B19DE8411274B4E00B13C62 /* AppleScript.c */; };
		0B19DE8811274B4E00B13C62 /* Plugin.c in Sources */ = {isa = PBXBuildFile; fileRef = 0B19DE8611274B4E00B13C62 /* Plugin.c */; };
		0B19DEAE11274C7700B13C62 /* LocationSheet.m in Sources */ = {isa = PBXBuildFile; fileRef = 0B19DEA511274C7700B13C62 /* LocationSheet.m */; };
		0B19DEAF11274C7700B13C62 /* PasswordSheet.m in Sources */ = {isa = PBXBuildFile; fileRef = 0B19DEA711274C7700B13C62 /* PasswordSheet.m */; };
		0B19DEB011274C7700B13C62 /* ProgressGradients.m in Sources */ = {isa = PBXBuildFile; fileRef = 0B19DEA911274C7700B13C62 /* ProgressGradients.m */; };
		0B19DEB111274C7700B13C62 /* TransferCell.m in Sources */ = {isa = PBXBuildFile; fileRef = 0B19DEAB11274C7700B13C62 /* TransferCell.m */; };
		0B19DEB211274C7700B13C62 /* WelcomeView.m in Sources */ = {isa = PBXBuildFile; fileRef = 0B19DEAD11274C7700B13C62 /* WelcomeView.m */; };
		0B19DEB511274C8C00B13C62 /* Location.m in Sources */ = {isa = PBXBuildFile; fileRef = 0B19DEB411274C8C00B13C62 /* Location.m */; };
		0B19DEC711274CFB00B13C62 /* NSString+UUID.m in Sources */ = {isa = PBXBuildFile; fileRef = 0B19DEC511274CFB00B13C62 /* NSString+UUID.m */; };
		0B2BF0D5119CB32800E3DDEA /* LICENSE in Resources */ = {isa = PBXBuildFile; fileRef = 0B2BF0D3119CB32800E3DDEA /* LICENSE */; };
		0B2BF0D6119CB32800E3DDEA /* README.md in Resources */ = {isa = PBXBuildFile; fileRef = 0B2BF0D4119CB32800E3DDEA /* README.md */; };
		0B2BF258119CF9EF00E3DDEA /* TransferTable.m in Sources */ = {isa = PBXBuildFile; fileRef = 0B2BF257119CF9EF00E3DDEA /* TransferTable.m */; };
		0B2C5BEE11309699006C4F5B /* networkDrive.png in Resources */ = {isa = PBXBuildFile; fileRef = 0B2C5BED11309699006C4F5B /* networkDrive.png */; };
		0B2C5BF211309774006C4F5B /* LocationCell.m in Sources */ = {isa = PBXBuildFile; fileRef = 0B2C5BF111309774006C4F5B /* LocationCell.m */; };
		0B2C5CF71130BFB0006C4F5B /* add.png in Resources */ = {isa = PBXBuildFile; fileRef = 0B2C5CF61130BFB0006C4F5B /* add.png */; };
		0B2C5CFA1130C03E006C4F5B /* delete.png in Resources */ = {isa = PBXBuildFile; fileRef = 0B2C5CF91130C03E006C4F5B /* delete.png */; };
		0B2C5D0E1130C287006C4F5B /* menu.png in Resources */ = {isa = PBXBuildFile; fileRef = 0B2C5D0D1130C287006C4F5B /* menu.png */; };
		0B32ADAF119E0C9E00225E8D /* NSMenu+Extras.m in Sources */ = {isa = PBXBuildFile; fileRef = 0B32ADAE119E0C9E00225E8D /* NSMenu+Extras.m */; };
		0B3B2405119E0FA1007E440D /* objective-curl.framework in Frameworks */ = {isa = PBXBuildFile; fileRef = 0B3B2404119E0FA1007E440D /* objective-curl.framework */; };
		0B3B2415119E0FAE007E440D /* objective-curl.framework in Copy Frameworks */ = {isa = PBXBuildFile; fileRef = 0B3B2404119E0FA1007E440D /* objective-curl.framework */; };
		0B3B244F119E1392007E440D /* FileTransfer+NSCoding.m in Sources */ = {isa = PBXBuildFile; fileRef = 0B3B244E119E1392007E440D /* FileTransfer+NSCoding.m */; };
		0B3B2575119F7BFF007E440D /* Controller+TransferMenu.m in Sources */ = {isa = PBXBuildFile; fileRef = 0B3B2574119F7BFF007E440D /* Controller+TransferMenu.m */; };
		0B3B264211A089DC007E440D /* Credits.html in Resources */ = {isa = PBXBuildFile; fileRef = 0B3B264111A089DC007E440D /* Credits.html */; };
		0B4627A2114D9DCA00198C23 /* LocationMessage.m in Sources */ = {isa = PBXBuildFile; fileRef = 0B4627A1114D9DCA00198C23 /* LocationMessage.m */; };
		0B4627D1114DB4A600198C23 /* SystemVersion.m in Sources */ = {isa = PBXBuildFile; fileRef = 0B4627D0114DB4A600198C23 /* SystemVersion.m */; };
		0B46A8EA117CCBC7003F1E87 /* Growl.framework in Frameworks */ = {isa = PBXBuildFile; fileRef = 0B46A8E9117CCBC7003F1E87 /* Growl.framework */; };
		0B46A8EC117CCBC7003F1E87 /* Sparkle.framework in Frameworks */ = {isa = PBXBuildFile; fileRef = 0B46A8EB117CCBC7003F1E87 /* Sparkle.framework */; };
		0B46A8FF117CCBCF003F1E87 /* Growl.framework in Copy Frameworks */ = {isa = PBXBuildFile; fileRef = 0B46A8E9117CCBC7003F1E87 /* Growl.framework */; };
		0B46A900117CCBCF003F1E87 /* Sparkle.framework in Copy Frameworks */ = {isa = PBXBuildFile; fileRef = 0B46A8EB117CCBC7003F1E87 /* Sparkle.framework */; };
		0B6E84B71127540600296175 /* Controller+Scripting.m in Sources */ = {isa = PBXBuildFile; fileRef = 0B6E84B21127540600296175 /* Controller+Scripting.m */; };
		0B6E84B81127540600296175 /* Location+Scripting.m in Sources */ = {isa = PBXBuildFile; fileRef = 0B6E84B41127540600296175 /* Location+Scripting.m */; };
		0B6E84B91127540600296175 /* QueueNewScriptCommand.m in Sources */ = {isa = PBXBuildFile; fileRef = 0B6E84B61127540600296175 /* QueueNewScriptCommand.m */; };
		0B6E858C1127631800296175 /* clear.png in Resources */ = {isa = PBXBuildFile; fileRef = 0B6E85821127631800296175 /* clear.png */; };
		0B6E858E1127631800296175 /* log.png in Resources */ = {isa = PBXBuildFile; fileRef = 0B6E85841127631800296175 /* log.png */; };
		0B6E85901127631800296175 /* OneWay.icns in Resources */ = {isa = PBXBuildFile; fileRef = 0B6E85861127631800296175 /* OneWay.icns */; };
		0B6E85911127631800296175 /* oneway_screen.png in Resources */ = {isa = PBXBuildFile; fileRef = 0B6E85871127631800296175 /* oneway_screen.png */; };
		0B6E85931127631800296175 /* stop.png in Resources */ = {isa = PBXBuildFile; fileRef = 0B6E85891127631800296175 /* stop.png */; };
		0B6E85941127631800296175 /* transfers.png in Resources */ = {isa = PBXBuildFile; fileRef = 0B6E858A1127631800296175 /* transfers.png */; };
		0B6E85951127631800296175 /* upArrow.png in Resources */ = {isa = PBXBuildFile; fileRef = 0B6E858B1127631800296175 /* upArrow.png */; };
		0B72FE001156D21D00085DCD /* FinderItem.m in Sources */ = {isa = PBXBuildFile; fileRef = 0B72FDFE1156D21D00085DCD /* FinderItem.m */; };
		0B72FE021156D22A00085DCD /* remove_services.sh in Resources */ = {isa = PBXBuildFile; fileRef = 0B72FE011156D22A00085DCD /* remove_services.sh */; };
		0B86BC0B1157BFC0005C44E4 /* Growl Registration Ticket.growlRegDict in Resources */ = {isa = PBXBuildFile; fileRef = 0B86BC0A1157BFC0005C44E4 /* Growl Registration Ticket.growlRegDict */; };
		0B86BC971157C201005C44E4 /* Controller+Growl.m in Sources */ = {isa = PBXBuildFile; fileRef = 0B86BC961157C201005C44E4 /* Controller+Growl.m */; };
		0B8A6AA8115FD85000DB6E88 /* ProgressMeter.m in Sources */ = {isa = PBXBuildFile; fileRef = 0B8A6AA7115FD85000DB6E88 /* ProgressMeter.m */; };
		0B8EC5A31128E63100D30FF3 /* Upload+NSCoding.m in Sources */ = {isa = PBXBuildFile; fileRef = 0B8EC5A21128E63100D30FF3 /* Upload+NSCoding.m */; };
		0B8EC5A61128E63C00D30FF3 /* Upload+NSCopying.m in Sources */ = {isa = PBXBuildFile; fileRef = 0B8EC5A51128E63C00D30FF3 /* Upload+NSCopying.m */; };
		0BAB8D3C1127480A00AD061A /* LocationSheet.xib in Resources */ = {isa = PBXBuildFile; fileRef = 0BAB8D361127480A00AD061A /* LocationSheet.xib */; };
		0BAB8D3D1127480A00AD061A /* PasswordSheet.xib in Resources */ = {isa = PBXBuildFile; fileRef = 0BAB8D381127480A00AD061A /* PasswordSheet.xib */; };
		0BAB8D3E1127480A00AD061A /* WelcomeView.xib in Resources */ = {isa = PBXBuildFile; fileRef = 0BAB8D3A1127480A00AD061A /* WelcomeView.xib */; };
		0BAB8D451127482300AD061A /* dsa_public.pem in Resources */ = {isa = PBXBuildFile; fileRef = 0BAB8D3F1127482300AD061A /* dsa_public.pem */; };
		0BAB8D461127482300AD061A /* OneWay.sdef in Resources */ = {isa = PBXBuildFile; fileRef = 0BAB8D401127482300AD061A /* OneWay.sdef */; };
		0BAB8D471127482300AD061A /* OneWayPlugin-Info.plist in Resources */ = {isa = PBXBuildFile; fileRef = 0BAB8D411127482300AD061A /* OneWayPlugin-Info.plist */; };
		0BAB8D491127482300AD061A /* uninstall.sh in Resources */ = {isa = PBXBuildFile; fileRef = 0BAB8D431127482300AD061A /* uninstall.sh */; };
		0BAB8D4A1127482300AD061A /* version.plist in Resources */ = {isa = PBXBuildFile; fileRef = 0BAB8D441127482300AD061A /* version.plist */; };
		0BAB8D531127484D00AD061A /* Controller+Toolbar.m in Sources */ = {isa = PBXBuildFile; fileRef = 0BAB8D4F1127484D00AD061A /* Controller+Toolbar.m */; };
		0BAB8D541127484D00AD061A /* Controller.m in Sources */ = {isa = PBXBuildFile; fileRef = 0BAB8D511127484D00AD061A /* Controller.m */; };
		0BAB8D57112748A000AD061A /* OWConstants.m in Sources */ = {isa = PBXBuildFile; fileRef = 0BAB8D56112748A000AD061A /* OWConstants.m */; };
		0BB3ED3811444656008CC281 /* UploadName.m in Sources */ = {isa = PBXBuildFile; fileRef = 0BB3ED3711444656008CC281 /* UploadName.m */; };
		0BBCEA5B11323E01001676F3 /* FailureSheet.xib in Resources */ = {isa = PBXBuildFile; fileRef = 0BBCEA5A11323E01001676F3 /* FailureSheet.xib */; };
		0BCBD273114D597D006C12BE /* FinderService.m in Sources */ = {isa = PBXBuildFile; fileRef = 0BCBD272114D597D006C12BE /* FinderService.m */; };
		0BCBD276114D5A9D006C12BE /* template.wflow in Resources */ = {isa = PBXBuildFile; fileRef = 0BCBD275114D5A9D006C12BE /* template.wflow */; };
		0BCBD278114D5C2F006C12BE /* template.plist in Resources */ = {isa = PBXBuildFile; fileRef = 0BCBD277114D5C2F006C12BE /* template.plist */; };
		0BCBD27D114D5DFB006C12BE /* Thumbnail.png in Resources */ = {isa = PBXBuildFile; fileRef = 0BCBD27C114D5DFB006C12BE /* Thumbnail.png */; };
		0BD618861134446500050C25 /* NSString+Extras.m in Sources */ = {isa = PBXBuildFile; fileRef = 0BD618851134446500050C25 /* NSString+Extras.m */; };
		0BD618BB113446B400050C25 /* EMKeychain.m in Sources */ = {isa = PBXBuildFile; fileRef = 0BD618BA113446B400050C25 /* EMKeychain.m */; };
		0BD6195411344D7E00050C25 /* Security.framework in Frameworks */ = {isa = PBXBuildFile; fileRef = 0BD6195311344D7E00050C25 /* Security.framework */; };
		0BDD2795113252E0005D7F84 /* retry.png in Resources */ = {isa = PBXBuildFile; fileRef = 0BDD2794113252E0005D7F84 /* retry.png */; };
		0BE6F80011323F6900AA2BCF /* FailureSheet.m in Sources */ = {isa = PBXBuildFile; fileRef = 0BE6F7FF11323F6900AA2BCF /* FailureSheet.m */; };
		0BE6F88C1132473A00AA2BCF /* restart_finder.sh in Resources */ = {isa = PBXBuildFile; fileRef = 0BE6F88B1132473A00AA2BCF /* restart_finder.sh */; };
		0BEAD701117C20E000289E36 /* Appscript.framework in Frameworks */ = {isa = PBXBuildFile; fileRef = 0BEAD700117C20E000289E36 /* Appscript.framework */; };
		0BEAD719117C20E500289E36 /* Appscript.framework in Copy Frameworks */ = {isa = PBXBuildFile; fileRef = 0BEAD700117C20E000289E36 /* Appscript.framework */; };
		1DDD58160DA1D0A300B32029 /* MainMenu.xib in Resources */ = {isa = PBXBuildFile; fileRef = 1DDD58140DA1D0A300B32029 /* MainMenu.xib */; };
		8D11072B0486CEB800E47090 /* InfoPlist.strings in Resources */ = {isa = PBXBuildFile; fileRef = 089C165CFE840E0CC02AAC07 /* InfoPlist.strings */; };
		8D11072D0486CEB800E47090 /* main.m in Sources */ = {isa = PBXBuildFile; fileRef = 29B97316FDCFA39411CA2CEA /* main.m */; settings = {ATTRIBUTES = (); }; };
		8D11072F0486CEB800E47090 /* Cocoa.framework in Frameworks */ = {isa = PBXBuildFile; fileRef = 1058C7A1FEA54F0111CA2CBB /* Cocoa.framework */; };
/* End PBXBuildFile section */

/* Begin PBXCopyFilesBuildPhase section */
		0BAB8D251127476800AD061A /* Copy Frameworks */ = {
			isa = PBXCopyFilesBuildPhase;
			buildActionMask = 2147483647;
			dstPath = "";
			dstSubfolderSpec = 10;
			files = (
				0B3B2415119E0FAE007E440D /* objective-curl.framework in Copy Frameworks */,
				0BEAD719117C20E500289E36 /* Appscript.framework in Copy Frameworks */,
				0B46A8FF117CCBCF003F1E87 /* Growl.framework in Copy Frameworks */,
				0B46A900117CCBCF003F1E87 /* Sparkle.framework in Copy Frameworks */,
			);
			name = "Copy Frameworks";
			runOnlyForDeploymentPostprocessing = 0;
		};
/* End PBXCopyFilesBuildPhase section */

/* Begin PBXFileReference section */
		089C165DFE840E0CC02AAC07 /* English */ = {isa = PBXFileReference; fileEncoding = 10; lastKnownFileType = text.plist.strings; name = English; path = English.lproj/InfoPlist.strings; sourceTree = "<group>"; };
		0B106B68117B9F67006739B8 /* FNAEMConstants.h */ = {isa = PBXFileReference; fileEncoding = 4; lastKnownFileType = sourcecode.c.h; path = FNAEMConstants.h; sourceTree = "<group>"; };
		0B106B69117B9F67006739B8 /* FNApplicationGlue.h */ = {isa = PBXFileReference; fileEncoding = 4; lastKnownFileType = sourcecode.c.h; path = FNApplicationGlue.h; sourceTree = "<group>"; };
		0B106B6A117B9F67006739B8 /* FNApplicationGlue.m */ = {isa = PBXFileReference; fileEncoding = 4; lastKnownFileType = sourcecode.c.objc; path = FNApplicationGlue.m; sourceTree = "<group>"; };
		0B106B6B117B9F67006739B8 /* FNCommandGlue.h */ = {isa = PBXFileReference; fileEncoding = 4; lastKnownFileType = sourcecode.c.h; path = FNCommandGlue.h; sourceTree = "<group>"; };
		0B106B6C117B9F67006739B8 /* FNCommandGlue.m */ = {isa = PBXFileReference; fileEncoding = 4; lastKnownFileType = sourcecode.c.objc; path = FNCommandGlue.m; sourceTree = "<group>"; };
		0B106B6D117B9F67006739B8 /* FNConstantGlue.h */ = {isa = PBXFileReference; fileEncoding = 4; lastKnownFileType = sourcecode.c.h; path = FNConstantGlue.h; sourceTree = "<group>"; };
		0B106B6E117B9F67006739B8 /* FNConstantGlue.m */ = {isa = PBXFileReference; fileEncoding = 4; lastKnownFileType = sourcecode.c.objc; path = FNConstantGlue.m; sourceTree = "<group>"; };
		0B106B6F117B9F67006739B8 /* FNGlue.h */ = {isa = PBXFileReference; fileEncoding = 4; lastKnownFileType = sourcecode.c.h; path = FNGlue.h; sourceTree = "<group>"; };
		0B106B70117B9F67006739B8 /* FNReferenceGlue.h */ = {isa = PBXFileReference; fileEncoding = 4; lastKnownFileType = sourcecode.c.h; path = FNReferenceGlue.h; sourceTree = "<group>"; };
		0B106B71117B9F67006739B8 /* FNReferenceGlue.m */ = {isa = PBXFileReference; fileEncoding = 4; lastKnownFileType = sourcecode.c.objc; path = FNReferenceGlue.m; sourceTree = "<group>"; };
		0B106B72117B9F67006739B8 /* FNReferenceRendererGlue.h */ = {isa = PBXFileReference; fileEncoding = 4; lastKnownFileType = sourcecode.c.h; path = FNReferenceRendererGlue.h; sourceTree = "<group>"; };
		0B106B73117B9F67006739B8 /* FNReferenceRendererGlue.m */ = {isa = PBXFileReference; fileEncoding = 4; lastKnownFileType = sourcecode.c.objc; path = FNReferenceRendererGlue.m; sourceTree = "<group>"; };
		0B19DE7D11274B1700B13C62 /* OneWayPlugin.plugin */ = {isa = PBXFileReference; explicitFileType = wrapper.cfbundle; includeInIndex = 0; path = OneWayPlugin.plugin; sourceTree = BUILT_PRODUCTS_DIR; };
		0B19DE8411274B4E00B13C62 /* AppleScript.c */ = {isa = PBXFileReference; fileEncoding = 4; lastKnownFileType = sourcecode.c.c; path = AppleScript.c; sourceTree = "<group>"; };
		0B19DE8511274B4E00B13C62 /* AppleScript.h */ = {isa = PBXFileReference; fileEncoding = 4; lastKnownFileType = sourcecode.c.h; path = AppleScript.h; sourceTree = "<group>"; };
		0B19DE8611274B4E00B13C62 /* Plugin.c */ = {isa = PBXFileReference; fileEncoding = 4; lastKnownFileType = sourcecode.c.c; path = Plugin.c; sourceTree = "<group>"; };
		0B19DEA411274C7700B13C62 /* LocationSheet.h */ = {isa = PBXFileReference; fileEncoding = 4; lastKnownFileType = sourcecode.c.h; path = LocationSheet.h; sourceTree = "<group>"; };
		0B19DEA511274C7700B13C62 /* LocationSheet.m */ = {isa = PBXFileReference; fileEncoding = 4; lastKnownFileType = sourcecode.c.objc; path = LocationSheet.m; sourceTree = "<group>"; };
		0B19DEA611274C7700B13C62 /* PasswordSheet.h */ = {isa = PBXFileReference; fileEncoding = 4; lastKnownFileType = sourcecode.c.h; path = PasswordSheet.h; sourceTree = "<group>"; };
		0B19DEA711274C7700B13C62 /* PasswordSheet.m */ = {isa = PBXFileReference; fileEncoding = 4; lastKnownFileType = sourcecode.c.objc; path = PasswordSheet.m; sourceTree = "<group>"; };
		0B19DEA811274C7700B13C62 /* ProgressGradients.h */ = {isa = PBXFileReference; fileEncoding = 4; lastKnownFileType = sourcecode.c.h; name = ProgressGradients.h; path = ../view/ProgressGradients.h; sourceTree = "<group>"; };
		0B19DEA911274C7700B13C62 /* ProgressGradients.m */ = {isa = PBXFileReference; fileEncoding = 4; lastKnownFileType = sourcecode.c.objc; name = ProgressGradients.m; path = ../view/ProgressGradients.m; sourceTree = "<group>"; };
		0B19DEAA11274C7700B13C62 /* TransferCell.h */ = {isa = PBXFileReference; fileEncoding = 4; lastKnownFileType = sourcecode.c.h; path = TransferCell.h; sourceTree = "<group>"; };
		0B19DEAB11274C7700B13C62 /* TransferCell.m */ = {isa = PBXFileReference; fileEncoding = 4; lastKnownFileType = sourcecode.c.objc; path = TransferCell.m; sourceTree = "<group>"; };
		0B19DEAC11274C7700B13C62 /* WelcomeView.h */ = {isa = PBXFileReference; fileEncoding = 4; lastKnownFileType = sourcecode.c.h; path = WelcomeView.h; sourceTree = "<group>"; };
		0B19DEAD11274C7700B13C62 /* WelcomeView.m */ = {isa = PBXFileReference; fileEncoding = 4; lastKnownFileType = sourcecode.c.objc; path = WelcomeView.m; sourceTree = "<group>"; };
		0B19DEB311274C8C00B13C62 /* Location.h */ = {isa = PBXFileReference; fileEncoding = 4; lastKnownFileType = sourcecode.c.h; path = Location.h; sourceTree = "<group>"; };
		0B19DEB411274C8C00B13C62 /* Location.m */ = {isa = PBXFileReference; fileEncoding = 4; lastKnownFileType = sourcecode.c.objc; path = Location.m; sourceTree = "<group>"; };
		0B19DEC411274CFB00B13C62 /* NSString+UUID.h */ = {isa = PBXFileReference; fileEncoding = 4; lastKnownFileType = sourcecode.c.h; path = "NSString+UUID.h"; sourceTree = "<group>"; };
		0B19DEC511274CFB00B13C62 /* NSString+UUID.m */ = {isa = PBXFileReference; fileEncoding = 4; lastKnownFileType = sourcecode.c.objc; path = "NSString+UUID.m"; sourceTree = "<group>"; };
		0B2BF0D3119CB32800E3DDEA /* LICENSE */ = {isa = PBXFileReference; fileEncoding = 4; lastKnownFileType = text; path = LICENSE; sourceTree = "<group>"; };
		0B2BF0D4119CB32800E3DDEA /* README.md */ = {isa = PBXFileReference; fileEncoding = 4; lastKnownFileType = text; path = README.md; sourceTree = "<group>"; };
		0B2BF256119CF9EF00E3DDEA /* TransferTable.h */ = {isa = PBXFileReference; fileEncoding = 4; lastKnownFileType = sourcecode.c.h; path = TransferTable.h; sourceTree = "<group>"; };
		0B2BF257119CF9EF00E3DDEA /* TransferTable.m */ = {isa = PBXFileReference; fileEncoding = 4; lastKnownFileType = sourcecode.c.objc; path = TransferTable.m; sourceTree = "<group>"; };
		0B2C5BED11309699006C4F5B /* networkDrive.png */ = {isa = PBXFileReference; lastKnownFileType = image.png; path = networkDrive.png; sourceTree = "<group>"; };
		0B2C5BF011309774006C4F5B /* LocationCell.h */ = {isa = PBXFileReference; fileEncoding = 4; lastKnownFileType = sourcecode.c.h; path = LocationCell.h; sourceTree = "<group>"; };
		0B2C5BF111309774006C4F5B /* LocationCell.m */ = {isa = PBXFileReference; fileEncoding = 4; lastKnownFileType = sourcecode.c.objc; path = LocationCell.m; sourceTree = "<group>"; };
		0B2C5CF61130BFB0006C4F5B /* add.png */ = {isa = PBXFileReference; lastKnownFileType = image.png; path = add.png; sourceTree = "<group>"; };
		0B2C5CF91130C03E006C4F5B /* delete.png */ = {isa = PBXFileReference; lastKnownFileType = image.png; path = delete.png; sourceTree = "<group>"; };
		0B2C5D0D1130C287006C4F5B /* menu.png */ = {isa = PBXFileReference; lastKnownFileType = image.png; path = menu.png; sourceTree = "<group>"; };
		0B32ADAD119E0C9E00225E8D /* NSMenu+Extras.h */ = {isa = PBXFileReference; fileEncoding = 4; lastKnownFileType = sourcecode.c.h; path = "NSMenu+Extras.h"; sourceTree = "<group>"; };
		0B32ADAE119E0C9E00225E8D /* NSMenu+Extras.m */ = {isa = PBXFileReference; fileEncoding = 4; lastKnownFileType = sourcecode.c.objc; path = "NSMenu+Extras.m"; sourceTree = "<group>"; };
		0B3824CD114F3B2B00F5E8A4 /* UploadSheet.h */ = {isa = PBXFileReference; fileEncoding = 4; lastKnownFileType = sourcecode.c.h; path = UploadSheet.h; sourceTree = "<group>"; };
		0B3B2404119E0FA1007E440D /* objective-curl.framework */ = {isa = PBXFileReference; lastKnownFileType = wrapper.framework; name = "objective-curl.framework"; path = "/Users/nrj/Library/Frameworks/objective-curl.framework"; sourceTree = "<absolute>"; };
		0B3B244D119E1392007E440D /* FileTransfer+NSCoding.h */ = {isa = PBXFileReference; fileEncoding = 4; lastKnownFileType = sourcecode.c.h; path = "FileTransfer+NSCoding.h"; sourceTree = "<group>"; };
		0B3B244E119E1392007E440D /* FileTransfer+NSCoding.m */ = {isa = PBXFileReference; fileEncoding = 4; lastKnownFileType = sourcecode.c.objc; path = "FileTransfer+NSCoding.m"; sourceTree = "<group>"; };
		0B3B2573119F7BFF007E440D /* Controller+TransferMenu.h */ = {isa = PBXFileReference; fileEncoding = 4; lastKnownFileType = sourcecode.c.h; path = "Controller+TransferMenu.h"; sourceTree = "<group>"; };
		0B3B2574119F7BFF007E440D /* Controller+TransferMenu.m */ = {isa = PBXFileReference; fileEncoding = 4; lastKnownFileType = sourcecode.c.objc; path = "Controller+TransferMenu.m"; sourceTree = "<group>"; };
		0B3B264111A089DC007E440D /* Credits.html */ = {isa = PBXFileReference; fileEncoding = 4; lastKnownFileType = text.html; path = Credits.html; sourceTree = "<group>"; };
		0B4627A0114D9DCA00198C23 /* LocationMessage.h */ = {isa = PBXFileReference; fileEncoding = 4; lastKnownFileType = sourcecode.c.h; path = LocationMessage.h; sourceTree = "<group>"; };
		0B4627A1114D9DCA00198C23 /* LocationMessage.m */ = {isa = PBXFileReference; fileEncoding = 4; lastKnownFileType = sourcecode.c.objc; path = LocationMessage.m; sourceTree = "<group>"; };
		0B4627CF114DB4A600198C23 /* SystemVersion.h */ = {isa = PBXFileReference; fileEncoding = 4; lastKnownFileType = sourcecode.c.h; path = SystemVersion.h; sourceTree = "<group>"; };
		0B4627D0114DB4A600198C23 /* SystemVersion.m */ = {isa = PBXFileReference; fileEncoding = 4; lastKnownFileType = sourcecode.c.objc; path = SystemVersion.m; sourceTree = "<group>"; };
		0B46A8E9117CCBC7003F1E87 /* Growl.framework */ = {isa = PBXFileReference; lastKnownFileType = wrapper.framework; name = Growl.framework; path = /Users/nrj/Library/Frameworks/Growl.framework; sourceTree = "<absolute>"; };
		0B46A8EB117CCBC7003F1E87 /* Sparkle.framework */ = {isa = PBXFileReference; lastKnownFileType = wrapper.framework; name = Sparkle.framework; path = /Users/nrj/Library/Frameworks/Sparkle.framework; sourceTree = "<absolute>"; };
		0B6E84B11127540600296175 /* Controller+Scripting.h */ = {isa = PBXFileReference; fileEncoding = 4; lastKnownFileType = sourcecode.c.h; path = "Controller+Scripting.h"; sourceTree = "<group>"; };
		0B6E84B21127540600296175 /* Controller+Scripting.m */ = {isa = PBXFileReference; fileEncoding = 4; lastKnownFileType = sourcecode.c.objc; path = "Controller+Scripting.m"; sourceTree = "<group>"; };
		0B6E84B31127540600296175 /* Location+Scripting.h */ = {isa = PBXFileReference; fileEncoding = 4; lastKnownFileType = sourcecode.c.h; path = "Location+Scripting.h"; sourceTree = "<group>"; };
		0B6E84B41127540600296175 /* Location+Scripting.m */ = {isa = PBXFileReference; fileEncoding = 4; lastKnownFileType = sourcecode.c.objc; path = "Location+Scripting.m"; sourceTree = "<group>"; };
		0B6E84B51127540600296175 /* QueueNewScriptCommand.h */ = {isa = PBXFileReference; fileEncoding = 4; lastKnownFileType = sourcecode.c.h; path = QueueNewScriptCommand.h; sourceTree = "<group>"; };
		0B6E84B61127540600296175 /* QueueNewScriptCommand.m */ = {isa = PBXFileReference; fileEncoding = 4; lastKnownFileType = sourcecode.c.objc; path = QueueNewScriptCommand.m; sourceTree = "<group>"; };
		0B6E85821127631800296175 /* clear.png */ = {isa = PBXFileReference; lastKnownFileType = image.png; path = clear.png; sourceTree = "<group>"; };
		0B6E85841127631800296175 /* log.png */ = {isa = PBXFileReference; lastKnownFileType = image.png; path = log.png; sourceTree = "<group>"; };
		0B6E85861127631800296175 /* OneWay.icns */ = {isa = PBXFileReference; lastKnownFileType = image.icns; path = OneWay.icns; sourceTree = "<group>"; };
		0B6E85871127631800296175 /* oneway_screen.png */ = {isa = PBXFileReference; lastKnownFileType = image.png; path = oneway_screen.png; sourceTree = "<group>"; };
		0B6E85891127631800296175 /* stop.png */ = {isa = PBXFileReference; lastKnownFileType = image.png; path = stop.png; sourceTree = "<group>"; };
		0B6E858A1127631800296175 /* transfers.png */ = {isa = PBXFileReference; lastKnownFileType = image.png; path = transfers.png; sourceTree = "<group>"; };
		0B6E858B1127631800296175 /* upArrow.png */ = {isa = PBXFileReference; lastKnownFileType = image.png; path = upArrow.png; sourceTree = "<group>"; };
		0B72FDFE1156D21D00085DCD /* FinderItem.m */ = {isa = PBXFileReference; fileEncoding = 4; lastKnownFileType = sourcecode.c.objc; path = FinderItem.m; sourceTree = "<group>"; };
		0B72FDFF1156D21D00085DCD /* FinderItem.h */ = {isa = PBXFileReference; fileEncoding = 4; lastKnownFileType = sourcecode.c.h; path = FinderItem.h; sourceTree = "<group>"; };
		0B72FE011156D22A00085DCD /* remove_services.sh */ = {isa = PBXFileReference; fileEncoding = 4; lastKnownFileType = text.script.sh; path = remove_services.sh; sourceTree = "<group>"; };
		0B86BC0A1157BFC0005C44E4 /* Growl Registration Ticket.growlRegDict */ = {isa = PBXFileReference; fileEncoding = 4; lastKnownFileType = text.xml; path = "Growl Registration Ticket.growlRegDict"; sourceTree = "<group>"; };
		0B86BC951157C201005C44E4 /* Controller+Growl.h */ = {isa = PBXFileReference; fileEncoding = 4; lastKnownFileType = sourcecode.c.h; path = "Controller+Growl.h"; sourceTree = "<group>"; };
		0B86BC961157C201005C44E4 /* Controller+Growl.m */ = {isa = PBXFileReference; fileEncoding = 4; lastKnownFileType = sourcecode.c.objc; path = "Controller+Growl.m"; sourceTree = "<group>"; };
		0B8A6AA6115FD85000DB6E88 /* ProgressMeter.h */ = {isa = PBXFileReference; fileEncoding = 4; lastKnownFileType = sourcecode.c.h; path = ProgressMeter.h; sourceTree = "<group>"; };
		0B8A6AA7115FD85000DB6E88 /* ProgressMeter.m */ = {isa = PBXFileReference; fileEncoding = 4; lastKnownFileType = sourcecode.c.objc; path = ProgressMeter.m; sourceTree = "<group>"; };
		0B8EC5A11128E63100D30FF3 /* Upload+NSCoding.h */ = {isa = PBXFileReference; fileEncoding = 4; lastKnownFileType = sourcecode.c.h; path = "Upload+NSCoding.h"; sourceTree = "<group>"; };
		0B8EC5A21128E63100D30FF3 /* Upload+NSCoding.m */ = {isa = PBXFileReference; fileEncoding = 4; lastKnownFileType = sourcecode.c.objc; path = "Upload+NSCoding.m"; sourceTree = "<group>"; };
		0B8EC5A41128E63C00D30FF3 /* Upload+NSCopying.h */ = {isa = PBXFileReference; fileEncoding = 4; lastKnownFileType = sourcecode.c.h; path = "Upload+NSCopying.h"; sourceTree = "<group>"; };
		0B8EC5A51128E63C00D30FF3 /* Upload+NSCopying.m */ = {isa = PBXFileReference; fileEncoding = 4; lastKnownFileType = sourcecode.c.objc; path = "Upload+NSCopying.m"; sourceTree = "<group>"; };
		0BAB8D371127480A00AD061A /* English */ = {isa = PBXFileReference; lastKnownFileType = file.xib; name = English; path = English.lproj/LocationSheet.xib; sourceTree = "<group>"; };
		0BAB8D391127480A00AD061A /* English */ = {isa = PBXFileReference; lastKnownFileType = file.xib; name = English; path = English.lproj/PasswordSheet.xib; sourceTree = "<group>"; };
		0BAB8D3B1127480A00AD061A /* English */ = {isa = PBXFileReference; lastKnownFileType = file.xib; name = English; path = English.lproj/WelcomeView.xib; sourceTree = "<group>"; };
		0BAB8D3F1127482300AD061A /* dsa_public.pem */ = {isa = PBXFileReference; fileEncoding = 4; lastKnownFileType = text; path = dsa_public.pem; sourceTree = "<group>"; };
		0BAB8D401127482300AD061A /* OneWay.sdef */ = {isa = PBXFileReference; fileEncoding = 4; lastKnownFileType = text.sdef; path = OneWay.sdef; sourceTree = "<group>"; };
		0BAB8D411127482300AD061A /* OneWayPlugin-Info.plist */ = {isa = PBXFileReference; fileEncoding = 4; lastKnownFileType = text.plist.xml; path = "OneWayPlugin-Info.plist"; sourceTree = "<group>"; };
		0BAB8D431127482300AD061A /* uninstall.sh */ = {isa = PBXFileReference; fileEncoding = 4; lastKnownFileType = text.script.sh; path = uninstall.sh; sourceTree = "<group>"; };
		0BAB8D441127482300AD061A /* version.plist */ = {isa = PBXFileReference; fileEncoding = 4; lastKnownFileType = text.plist.xml; path = version.plist; sourceTree = "<group>"; };
		0BAB8D4E1127484D00AD061A /* Controller+Toolbar.h */ = {isa = PBXFileReference; fileEncoding = 4; lastKnownFileType = sourcecode.c.h; path = "Controller+Toolbar.h"; sourceTree = "<group>"; };
		0BAB8D4F1127484D00AD061A /* Controller+Toolbar.m */ = {isa = PBXFileReference; fileEncoding = 4; lastKnownFileType = sourcecode.c.objc; path = "Controller+Toolbar.m"; sourceTree = "<group>"; };
		0BAB8D501127484D00AD061A /* Controller.h */ = {isa = PBXFileReference; fileEncoding = 4; lastKnownFileType = sourcecode.c.h; path = Controller.h; sourceTree = "<group>"; };
		0BAB8D511127484D00AD061A /* Controller.m */ = {isa = PBXFileReference; fileEncoding = 4; lastKnownFileType = sourcecode.c.objc; path = Controller.m; sourceTree = "<group>"; };
		0BAB8D55112748A000AD061A /* OWConstants.h */ = {isa = PBXFileReference; fileEncoding = 4; lastKnownFileType = sourcecode.c.h; path = OWConstants.h; sourceTree = "<group>"; };
		0BAB8D56112748A000AD061A /* OWConstants.m */ = {isa = PBXFileReference; fileEncoding = 4; lastKnownFileType = sourcecode.c.objc; path = OWConstants.m; sourceTree = "<group>"; };
		0BB3ED3611444656008CC281 /* UploadName.h */ = {isa = PBXFileReference; fileEncoding = 4; lastKnownFileType = sourcecode.c.h; path = UploadName.h; sourceTree = "<group>"; };
		0BB3ED3711444656008CC281 /* UploadName.m */ = {isa = PBXFileReference; fileEncoding = 4; lastKnownFileType = sourcecode.c.objc; path = UploadName.m; sourceTree = "<group>"; };
		0BBCEA1A11323B79001676F3 /* English */ = {isa = PBXFileReference; lastKnownFileType = file.xib; name = English; path = English.lproj/FailureSheet.xib; sourceTree = "<group>"; };
		0BCBD271114D597D006C12BE /* FinderService.h */ = {isa = PBXFileReference; fileEncoding = 4; lastKnownFileType = sourcecode.c.h; path = FinderService.h; sourceTree = "<group>"; };
		0BCBD272114D597D006C12BE /* FinderService.m */ = {isa = PBXFileReference; fileEncoding = 4; lastKnownFileType = sourcecode.c.objc; path = FinderService.m; sourceTree = "<group>"; };
		0BCBD275114D5A9D006C12BE /* template.wflow */ = {isa = PBXFileReference; fileEncoding = 4; lastKnownFileType = text.xml; path = template.wflow; sourceTree = "<group>"; };
		0BCBD277114D5C2F006C12BE /* template.plist */ = {isa = PBXFileReference; fileEncoding = 4; lastKnownFileType = text.plist.xml; path = template.plist; sourceTree = "<group>"; };
		0BCBD27C114D5DFB006C12BE /* Thumbnail.png */ = {isa = PBXFileReference; lastKnownFileType = image.png; path = Thumbnail.png; sourceTree = "<group>"; };
		0BD618841134446500050C25 /* NSString+Extras.h */ = {isa = PBXFileReference; fileEncoding = 4; lastKnownFileType = sourcecode.c.h; path = "NSString+Extras.h"; sourceTree = "<group>"; };
		0BD618851134446500050C25 /* NSString+Extras.m */ = {isa = PBXFileReference; fileEncoding = 4; lastKnownFileType = sourcecode.c.objc; path = "NSString+Extras.m"; sourceTree = "<group>"; };
		0BD618B9113446B400050C25 /* EMKeychain.h */ = {isa = PBXFileReference; fileEncoding = 4; lastKnownFileType = sourcecode.c.h; path = EMKeychain.h; sourceTree = "<group>"; };
		0BD618BA113446B400050C25 /* EMKeychain.m */ = {isa = PBXFileReference; fileEncoding = 4; lastKnownFileType = sourcecode.c.objc; path = EMKeychain.m; sourceTree = "<group>"; };
		0BD6195311344D7E00050C25 /* Security.framework */ = {isa = PBXFileReference; lastKnownFileType = wrapper.framework; name = Security.framework; path = System/Library/Frameworks/Security.framework; sourceTree = SDKROOT; };
		0BDD2794113252E0005D7F84 /* retry.png */ = {isa = PBXFileReference; lastKnownFileType = image.png; path = retry.png; sourceTree = "<group>"; };
		0BE6F7FE11323F6900AA2BCF /* FailureSheet.h */ = {isa = PBXFileReference; fileEncoding = 4; lastKnownFileType = sourcecode.c.h; path = FailureSheet.h; sourceTree = "<group>"; };
		0BE6F7FF11323F6900AA2BCF /* FailureSheet.m */ = {isa = PBXFileReference; fileEncoding = 4; lastKnownFileType = sourcecode.c.objc; path = FailureSheet.m; sourceTree = "<group>"; };
		0BE6F88B1132473A00AA2BCF /* restart_finder.sh */ = {isa = PBXFileReference; fileEncoding = 4; lastKnownFileType = text.script.sh; path = restart_finder.sh; sourceTree = "<group>"; };
		0BEAD700117C20E000289E36 /* Appscript.framework */ = {isa = PBXFileReference; lastKnownFileType = wrapper.framework; name = Appscript.framework; path = /Users/nrj/Library/Frameworks/Appscript.framework; sourceTree = "<absolute>"; };
		1058C7A1FEA54F0111CA2CBB /* Cocoa.framework */ = {isa = PBXFileReference; lastKnownFileType = wrapper.framework; name = Cocoa.framework; path = /System/Library/Frameworks/Cocoa.framework; sourceTree = "<absolute>"; };
		13E42FB307B3F0F600E4EEF1 /* CoreData.framework */ = {isa = PBXFileReference; lastKnownFileType = wrapper.framework; name = CoreData.framework; path = /System/Library/Frameworks/CoreData.framework; sourceTree = "<absolute>"; };
		1DDD58150DA1D0A300B32029 /* English */ = {isa = PBXFileReference; lastKnownFileType = file.xib; name = English; path = English.lproj/MainMenu.xib; sourceTree = "<group>"; };
		29B97316FDCFA39411CA2CEA /* main.m */ = {isa = PBXFileReference; fileEncoding = 4; lastKnownFileType = sourcecode.c.objc; path = main.m; sourceTree = "<group>"; };
		29B97324FDCFA39411CA2CEA /* AppKit.framework */ = {isa = PBXFileReference; lastKnownFileType = wrapper.framework; name = AppKit.framework; path = /System/Library/Frameworks/AppKit.framework; sourceTree = "<absolute>"; };
		29B97325FDCFA39411CA2CEA /* Foundation.framework */ = {isa = PBXFileReference; lastKnownFileType = wrapper.framework; name = Foundation.framework; path = /System/Library/Frameworks/Foundation.framework; sourceTree = "<absolute>"; };
		32CA4F630368D1EE00C91783 /* OneWay_Prefix.pch */ = {isa = PBXFileReference; fileEncoding = 4; lastKnownFileType = sourcecode.c.h; path = OneWay_Prefix.pch; sourceTree = "<group>"; };
		8D1107310486CEB800E47090 /* Info.plist */ = {isa = PBXFileReference; fileEncoding = 4; lastKnownFileType = text.plist.xml; path = Info.plist; sourceTree = "<group>"; };
		8D1107320486CEB800E47090 /* OneWay.app */ = {isa = PBXFileReference; explicitFileType = wrapper.application; includeInIndex = 0; path = OneWay.app; sourceTree = BUILT_PRODUCTS_DIR; };
/* End PBXFileReference section */

/* Begin PBXFrameworksBuildPhase section */
		0B19DE7B11274B1700B13C62 /* Frameworks */ = {
			isa = PBXFrameworksBuildPhase;
			buildActionMask = 2147483647;
			files = (
			);
			runOnlyForDeploymentPostprocessing = 0;
		};
		8D11072E0486CEB800E47090 /* Frameworks */ = {
			isa = PBXFrameworksBuildPhase;
			buildActionMask = 2147483647;
			files = (
				8D11072F0486CEB800E47090 /* Cocoa.framework in Frameworks */,
				0BD6195411344D7E00050C25 /* Security.framework in Frameworks */,
				0BEAD701117C20E000289E36 /* Appscript.framework in Frameworks */,
				0B46A8EA117CCBC7003F1E87 /* Growl.framework in Frameworks */,
				0B46A8EC117CCBC7003F1E87 /* Sparkle.framework in Frameworks */,
				0B3B2405119E0FA1007E440D /* objective-curl.framework in Frameworks */,
			);
			runOnlyForDeploymentPostprocessing = 0;
		};
/* End PBXFrameworksBuildPhase section */

/* Begin PBXGroup section */
		080E96DDFE201D6D7F000001 /* Classes */ = {
			isa = PBXGroup;
			children = (
				0B106B65117B9EEA006739B8 /* objc-appscript */,
				0B4627CE114DB48900198C23 /* util */,
				0BAB8D131127451800AD061A /* plugin */,
				0BAB8D121127450B00AD061A /* view */,
				0BAB8D111127450500AD061A /* model */,
				0BAB8D10112744FA00AD061A /* scripting */,
				0BAB8D0F112744F000AD061A /* control */,
				0BAB8D0E112744EA00AD061A /* enum */,
				0BAB8D0D112744E300AD061A /* extras */,
				0BAB8D0C112744DB00AD061A /* lib */,
			);
			name = Classes;
			sourceTree = "<group>";
		};
		0B106B65117B9EEA006739B8 /* objc-appscript */ = {
			isa = PBXGroup;
			children = (
				0B106B68117B9F67006739B8 /* FNAEMConstants.h */,
				0B106B69117B9F67006739B8 /* FNApplicationGlue.h */,
				0B106B6A117B9F67006739B8 /* FNApplicationGlue.m */,
				0B106B6B117B9F67006739B8 /* FNCommandGlue.h */,
				0B106B6C117B9F67006739B8 /* FNCommandGlue.m */,
				0B106B6D117B9F67006739B8 /* FNConstantGlue.h */,
				0B106B6E117B9F67006739B8 /* FNConstantGlue.m */,
				0B106B6F117B9F67006739B8 /* FNGlue.h */,
				0B106B70117B9F67006739B8 /* FNReferenceGlue.h */,
				0B106B71117B9F67006739B8 /* FNReferenceGlue.m */,
				0B106B72117B9F67006739B8 /* FNReferenceRendererGlue.h */,
				0B106B73117B9F67006739B8 /* FNReferenceRendererGlue.m */,
			);
			path = "objc-appscript";
			sourceTree = "<group>";
		};
		0B4627CE114DB48900198C23 /* util */ = {
			isa = PBXGroup;
			children = (
				0B19DEA811274C7700B13C62 /* ProgressGradients.h */,
				0B19DEA911274C7700B13C62 /* ProgressGradients.m */,
				0B4627CF114DB4A600198C23 /* SystemVersion.h */,
				0B4627D0114DB4A600198C23 /* SystemVersion.m */,
				0B8A6AA6115FD85000DB6E88 /* ProgressMeter.h */,
				0B8A6AA7115FD85000DB6E88 /* ProgressMeter.m */,
			);
			path = util;
			sourceTree = "<group>";
		};
		0B6E8581112762F400296175 /* icons */ = {
			isa = PBXGroup;
			children = (
				0BDD2794113252E0005D7F84 /* retry.png */,
				0B2C5D0D1130C287006C4F5B /* menu.png */,
				0B2C5CF91130C03E006C4F5B /* delete.png */,
				0B2C5CF61130BFB0006C4F5B /* add.png */,
				0B2C5BED11309699006C4F5B /* networkDrive.png */,
				0B6E85821127631800296175 /* clear.png */,
				0B6E85841127631800296175 /* log.png */,
				0B6E85861127631800296175 /* OneWay.icns */,
				0B6E85871127631800296175 /* oneway_screen.png */,
				0B6E85891127631800296175 /* stop.png */,
				0B6E858A1127631800296175 /* transfers.png */,
				0B6E858B1127631800296175 /* upArrow.png */,
			);
			path = icons;
			sourceTree = "<group>";
		};
		0B86BBE01157B91E005C44E4 /* sheets */ = {
			isa = PBXGroup;
			children = (
				0B3824CD114F3B2B00F5E8A4 /* UploadSheet.h */,
				0BE6F7FE11323F6900AA2BCF /* FailureSheet.h */,
				0BE6F7FF11323F6900AA2BCF /* FailureSheet.m */,
				0B19DEA411274C7700B13C62 /* LocationSheet.h */,
				0B19DEA511274C7700B13C62 /* LocationSheet.m */,
				0B19DEA611274C7700B13C62 /* PasswordSheet.h */,
				0B19DEA711274C7700B13C62 /* PasswordSheet.m */,
			);
			name = sheets;
			sourceTree = "<group>";
		};
		0BAB8D0C112744DB00AD061A /* lib */ = {
			isa = PBXGroup;
			children = (
				0BD618B9113446B400050C25 /* EMKeychain.h */,
				0BD618BA113446B400050C25 /* EMKeychain.m */,
			);
			path = lib;
			sourceTree = "<group>";
		};
		0BAB8D0D112744E300AD061A /* extras */ = {
			isa = PBXGroup;
			children = (
				0B19DEC411274CFB00B13C62 /* NSString+UUID.h */,
				0B19DEC511274CFB00B13C62 /* NSString+UUID.m */,
				0BD618841134446500050C25 /* NSString+Extras.h */,
				0BD618851134446500050C25 /* NSString+Extras.m */,
				0B32ADAD119E0C9E00225E8D /* NSMenu+Extras.h */,
				0B32ADAE119E0C9E00225E8D /* NSMenu+Extras.m */,
			);
			path = extras;
			sourceTree = "<group>";
		};
		0BAB8D0E112744EA00AD061A /* enum */ = {
			isa = PBXGroup;
			children = (
				0B4627A0114D9DCA00198C23 /* LocationMessage.h */,
				0B4627A1114D9DCA00198C23 /* LocationMessage.m */,
				0BB3ED3611444656008CC281 /* UploadName.h */,
				0BB3ED3711444656008CC281 /* UploadName.m */,
				0BAB8D55112748A000AD061A /* OWConstants.h */,
				0BAB8D56112748A000AD061A /* OWConstants.m */,
			);
			path = enum;
			sourceTree = "<group>";
		};
		0BAB8D0F112744F000AD061A /* control */ = {
			isa = PBXGroup;
			children = (
				0B86BC951157C201005C44E4 /* Controller+Growl.h */,
				0B86BC961157C201005C44E4 /* Controller+Growl.m */,
				0BAB8D4E1127484D00AD061A /* Controller+Toolbar.h */,
				0BAB8D4F1127484D00AD061A /* Controller+Toolbar.m */,
				0B3B2573119F7BFF007E440D /* Controller+TransferMenu.h */,
				0B3B2574119F7BFF007E440D /* Controller+TransferMenu.m */,
				0BAB8D501127484D00AD061A /* Controller.h */,
				0BAB8D511127484D00AD061A /* Controller.m */,
			);
			path = control;
			sourceTree = "<group>";
		};
		0BAB8D10112744FA00AD061A /* scripting */ = {
			isa = PBXGroup;
			children = (
				0B6E84B11127540600296175 /* Controller+Scripting.h */,
				0B6E84B21127540600296175 /* Controller+Scripting.m */,
				0B6E84B31127540600296175 /* Location+Scripting.h */,
				0B6E84B41127540600296175 /* Location+Scripting.m */,
				0B6E84B51127540600296175 /* QueueNewScriptCommand.h */,
				0B6E84B61127540600296175 /* QueueNewScriptCommand.m */,
			);
			path = scripting;
			sourceTree = "<group>";
		};
		0BAB8D111127450500AD061A /* model */ = {
			isa = PBXGroup;
			children = (
				0B19DEB311274C8C00B13C62 /* Location.h */,
				0B19DEB411274C8C00B13C62 /* Location.m */,
				0B3B244D119E1392007E440D /* FileTransfer+NSCoding.h */,
				0B3B244E119E1392007E440D /* FileTransfer+NSCoding.m */,
				0B8EC5A11128E63100D30FF3 /* Upload+NSCoding.h */,
				0B8EC5A21128E63100D30FF3 /* Upload+NSCoding.m */,
				0B8EC5A41128E63C00D30FF3 /* Upload+NSCopying.h */,
				0B8EC5A51128E63C00D30FF3 /* Upload+NSCopying.m */,
			);
			path = model;
			sourceTree = "<group>";
		};
		0BAB8D121127450B00AD061A /* view */ = {
			isa = PBXGroup;
			children = (
				0B86BBE01157B91E005C44E4 /* sheets */,
				0B2C5BF011309774006C4F5B /* LocationCell.h */,
				0B2C5BF111309774006C4F5B /* LocationCell.m */,
				0B19DEAA11274C7700B13C62 /* TransferCell.h */,
				0B19DEAB11274C7700B13C62 /* TransferCell.m */,
				0B19DEAC11274C7700B13C62 /* WelcomeView.h */,
				0B19DEAD11274C7700B13C62 /* WelcomeView.m */,
				0B2BF256119CF9EF00E3DDEA /* TransferTable.h */,
				0B2BF257119CF9EF00E3DDEA /* TransferTable.m */,
			);
			path = view;
			sourceTree = "<group>";
		};
		0BAB8D131127451800AD061A /* plugin */ = {
			isa = PBXGroup;
			children = (
				0B72FDFE1156D21D00085DCD /* FinderItem.m */,
				0B72FDFF1156D21D00085DCD /* FinderItem.h */,
				0B19DE8411274B4E00B13C62 /* AppleScript.c */,
				0B19DE8511274B4E00B13C62 /* AppleScript.h */,
				0B19DE8611274B4E00B13C62 /* Plugin.c */,
				0BCBD271114D597D006C12BE /* FinderService.h */,
				0BCBD272114D597D006C12BE /* FinderService.m */,
			);
			path = plugin;
			sourceTree = "<group>";
		};
		0BCBD274114D5A7F006C12BE /* workflow */ = {
			isa = PBXGroup;
			children = (
				0BCBD27C114D5DFB006C12BE /* Thumbnail.png */,
				0BCBD275114D5A9D006C12BE /* template.wflow */,
				0BCBD277114D5C2F006C12BE /* template.plist */,
			);
			path = workflow;
			sourceTree = "<group>";
		};
		1058C7A0FEA54F0111CA2CBB /* Linked Frameworks */ = {
			isa = PBXGroup;
			children = (
				0BD6195311344D7E00050C25 /* Security.framework */,
				1058C7A1FEA54F0111CA2CBB /* Cocoa.framework */,
				0BEAD700117C20E000289E36 /* Appscript.framework */,
				0B46A8E9117CCBC7003F1E87 /* Growl.framework */,
				0B46A8EB117CCBC7003F1E87 /* Sparkle.framework */,
				0B3B2404119E0FA1007E440D /* objective-curl.framework */,
			);
			name = "Linked Frameworks";
			sourceTree = "<group>";
		};
		1058C7A2FEA54F0111CA2CBB /* Other Frameworks */ = {
			isa = PBXGroup;
			children = (
				29B97324FDCFA39411CA2CEA /* AppKit.framework */,
				13E42FB307B3F0F600E4EEF1 /* CoreData.framework */,
				29B97325FDCFA39411CA2CEA /* Foundation.framework */,
			);
			name = "Other Frameworks";
			sourceTree = "<group>";
		};
		19C28FACFE9D520D11CA2CBB /* Products */ = {
			isa = PBXGroup;
			children = (
				8D1107320486CEB800E47090 /* OneWay.app */,
				0B19DE7D11274B1700B13C62 /* OneWayPlugin.plugin */,
			);
			name = Products;
			sourceTree = "<group>";
		};
		29B97314FDCFA39411CA2CEA /* OneWay */ = {
			isa = PBXGroup;
			children = (
				080E96DDFE201D6D7F000001 /* Classes */,
				29B97315FDCFA39411CA2CEA /* Other Sources */,
				29B97317FDCFA39411CA2CEA /* Resources */,
				29B97323FDCFA39411CA2CEA /* Frameworks */,
				19C28FACFE9D520D11CA2CBB /* Products */,
			);
			name = OneWay;
			sourceTree = "<group>";
		};
		29B97315FDCFA39411CA2CEA /* Other Sources */ = {
			isa = PBXGroup;
			children = (
				32CA4F630368D1EE00C91783 /* OneWay_Prefix.pch */,
				29B97316FDCFA39411CA2CEA /* main.m */,
			);
			name = "Other Sources";
			sourceTree = "<group>";
		};
		29B97317FDCFA39411CA2CEA /* Resources */ = {
			isa = PBXGroup;
			children = (
				0B2BF0D3119CB32800E3DDEA /* LICENSE */,
				0B2BF0D4119CB32800E3DDEA /* README.md */,
				0B72FE011156D22A00085DCD /* remove_services.sh */,
				0BCBD274114D5A7F006C12BE /* workflow */,
				0B6E8581112762F400296175 /* icons */,
				0BAB8D3F1127482300AD061A /* dsa_public.pem */,
				0BAB8D401127482300AD061A /* OneWay.sdef */,
				0BAB8D411127482300AD061A /* OneWayPlugin-Info.plist */,
				0BAB8D431127482300AD061A /* uninstall.sh */,
				0BAB8D441127482300AD061A /* version.plist */,
				0BAB8D361127480A00AD061A /* LocationSheet.xib */,
				0BAB8D381127480A00AD061A /* PasswordSheet.xib */,
				0BAB8D3A1127480A00AD061A /* WelcomeView.xib */,
				8D1107310486CEB800E47090 /* Info.plist */,
				089C165CFE840E0CC02AAC07 /* InfoPlist.strings */,
				1DDD58140DA1D0A300B32029 /* MainMenu.xib */,
				0BBCEA5A11323E01001676F3 /* FailureSheet.xib */,
				0BE6F88B1132473A00AA2BCF /* restart_finder.sh */,
				0B86BC0A1157BFC0005C44E4 /* Growl Registration Ticket.growlRegDict */,
				0B3B264111A089DC007E440D /* Credits.html */,
			);
			name = Resources;
			sourceTree = "<group>";
		};
		29B97323FDCFA39411CA2CEA /* Frameworks */ = {
			isa = PBXGroup;
			children = (
				1058C7A0FEA54F0111CA2CBB /* Linked Frameworks */,
				1058C7A2FEA54F0111CA2CBB /* Other Frameworks */,
			);
			name = Frameworks;
			sourceTree = "<group>";
		};
/* End PBXGroup section */

/* Begin PBXNativeTarget section */
		0B19DE7C11274B1700B13C62 /* OneWayPlugin */ = {
			isa = PBXNativeTarget;
			buildConfigurationList = 0B19DE8311274B2200B13C62 /* Build configuration list for PBXNativeTarget "OneWayPlugin" */;
			buildPhases = (
				0B19DE7911274B1700B13C62 /* Resources */,
				0B19DE7A11274B1700B13C62 /* Sources */,
				0B19DE7B11274B1700B13C62 /* Frameworks */,
			);
			buildRules = (
			);
			dependencies = (
			);
			name = OneWayPlugin;
			productName = OneWayPlugin;
			productReference = 0B19DE7D11274B1700B13C62 /* OneWayPlugin.plugin */;
			productType = "com.apple.product-type.bundle";
		};
		8D1107260486CEB800E47090 /* OneWay */ = {
			isa = PBXNativeTarget;
			buildConfigurationList = C01FCF4A08A954540054247B /* Build configuration list for PBXNativeTarget "OneWay" */;
			buildPhases = (
				8D1107290486CEB800E47090 /* Resources */,
				8D11072C0486CEB800E47090 /* Sources */,
				8D11072E0486CEB800E47090 /* Frameworks */,
				0BAB8D251127476800AD061A /* Copy Frameworks */,
				0B6E84871127518900296175 /* Copy Plugin */,
			);
			buildRules = (
			);
			dependencies = (
			);
			name = OneWay;
			productInstallPath = "$(HOME)/Applications";
			productName = OneWay;
			productReference = 8D1107320486CEB800E47090 /* OneWay.app */;
			productType = "com.apple.product-type.application";
		};
/* End PBXNativeTarget section */

/* Begin PBXProject section */
		29B97313FDCFA39411CA2CEA /* Project object */ = {
			isa = PBXProject;
			buildConfigurationList = C01FCF4E08A954540054247B /* Build configuration list for PBXProject "OneWay" */;
			compatibilityVersion = "Xcode 3.1";
			hasScannedForEncodings = 1;
			mainGroup = 29B97314FDCFA39411CA2CEA /* OneWay */;
			projectDirPath = "";
			projectRoot = "";
			targets = (
				8D1107260486CEB800E47090 /* OneWay */,
				0B19DE7C11274B1700B13C62 /* OneWayPlugin */,
			);
		};
/* End PBXProject section */

/* Begin PBXResourcesBuildPhase section */
		0B19DE7911274B1700B13C62 /* Resources */ = {
			isa = PBXResourcesBuildPhase;
			buildActionMask = 2147483647;
			files = (
			);
			runOnlyForDeploymentPostprocessing = 0;
		};
		8D1107290486CEB800E47090 /* Resources */ = {
			isa = PBXResourcesBuildPhase;
			buildActionMask = 2147483647;
			files = (
				8D11072B0486CEB800E47090 /* InfoPlist.strings in Resources */,
				1DDD58160DA1D0A300B32029 /* MainMenu.xib in Resources */,
				0BAB8D3C1127480A00AD061A /* LocationSheet.xib in Resources */,
				0BAB8D3D1127480A00AD061A /* PasswordSheet.xib in Resources */,
				0BAB8D3E1127480A00AD061A /* WelcomeView.xib in Resources */,
				0BAB8D451127482300AD061A /* dsa_public.pem in Resources */,
				0BAB8D461127482300AD061A /* OneWay.sdef in Resources */,
				0BAB8D471127482300AD061A /* OneWayPlugin-Info.plist in Resources */,
				0BAB8D491127482300AD061A /* uninstall.sh in Resources */,
				0BAB8D4A1127482300AD061A /* version.plist in Resources */,
				0B6E858C1127631800296175 /* clear.png in Resources */,
				0B6E858E1127631800296175 /* log.png in Resources */,
				0B6E85901127631800296175 /* OneWay.icns in Resources */,
				0B6E85911127631800296175 /* oneway_screen.png in Resources */,
				0B6E85931127631800296175 /* stop.png in Resources */,
				0B6E85941127631800296175 /* transfers.png in Resources */,
				0B6E85951127631800296175 /* upArrow.png in Resources */,
				0B2C5BEE11309699006C4F5B /* networkDrive.png in Resources */,
				0B2C5CF71130BFB0006C4F5B /* add.png in Resources */,
				0B2C5CFA1130C03E006C4F5B /* delete.png in Resources */,
				0B2C5D0E1130C287006C4F5B /* menu.png in Resources */,
				0BBCEA5B11323E01001676F3 /* FailureSheet.xib in Resources */,
				0BE6F88C1132473A00AA2BCF /* restart_finder.sh in Resources */,
				0BDD2795113252E0005D7F84 /* retry.png in Resources */,
				0BCBD276114D5A9D006C12BE /* template.wflow in Resources */,
				0BCBD278114D5C2F006C12BE /* template.plist in Resources */,
				0BCBD27D114D5DFB006C12BE /* Thumbnail.png in Resources */,
				0B72FE021156D22A00085DCD /* remove_services.sh in Resources */,
				0B86BC0B1157BFC0005C44E4 /* Growl Registration Ticket.growlRegDict in Resources */,
				0B2BF0D5119CB32800E3DDEA /* LICENSE in Resources */,
				0B2BF0D6119CB32800E3DDEA /* README.md in Resources */,
				0B3B264211A089DC007E440D /* Credits.html in Resources */,
			);
			runOnlyForDeploymentPostprocessing = 0;
		};
/* End PBXResourcesBuildPhase section */

/* Begin PBXShellScriptBuildPhase section */
		0B6E84871127518900296175 /* Copy Plugin */ = {
			isa = PBXShellScriptBuildPhase;
			buildActionMask = 2147483647;
			files = (
			);
			inputPaths = (
			);
			name = "Copy Plugin";
			outputPaths = (
			);
			runOnlyForDeploymentPostprocessing = 0;
			shellPath = /bin/sh;
			shellScript = "cp -r $TARGET_BUILD_DIR/OneWayPlugin.plugin \\\n$TARGET_BUILD_DIR/OneWay.app/Contents/Resources/";
		};
/* End PBXShellScriptBuildPhase section */

/* Begin PBXSourcesBuildPhase section */
		0B19DE7A11274B1700B13C62 /* Sources */ = {
			isa = PBXSourcesBuildPhase;
			buildActionMask = 2147483647;
			files = (
				0B19DE8711274B4E00B13C62 /* AppleScript.c in Sources */,
				0B19DE8811274B4E00B13C62 /* Plugin.c in Sources */,
			);
			runOnlyForDeploymentPostprocessing = 0;
		};
		8D11072C0486CEB800E47090 /* Sources */ = {
			isa = PBXSourcesBuildPhase;
			buildActionMask = 2147483647;
			files = (
				8D11072D0486CEB800E47090 /* main.m in Sources */,
				0BAB8D531127484D00AD061A /* Controller+Toolbar.m in Sources */,
				0BAB8D541127484D00AD061A /* Controller.m in Sources */,
				0BAB8D57112748A000AD061A /* OWConstants.m in Sources */,
				0B19DEAE11274C7700B13C62 /* LocationSheet.m in Sources */,
				0B19DEAF11274C7700B13C62 /* PasswordSheet.m in Sources */,
				0B19DEB011274C7700B13C62 /* ProgressGradients.m in Sources */,
				0B19DEB111274C7700B13C62 /* TransferCell.m in Sources */,
				0B19DEB211274C7700B13C62 /* WelcomeView.m in Sources */,
				0B19DEB511274C8C00B13C62 /* Location.m in Sources */,
				0B19DEC711274CFB00B13C62 /* NSString+UUID.m in Sources */,
				0B6E84B71127540600296175 /* Controller+Scripting.m in Sources */,
				0B6E84B81127540600296175 /* Location+Scripting.m in Sources */,
				0B6E84B91127540600296175 /* QueueNewScriptCommand.m in Sources */,
				0B8EC5A31128E63100D30FF3 /* Upload+NSCoding.m in Sources */,
				0B8EC5A61128E63C00D30FF3 /* Upload+NSCopying.m in Sources */,
				0B2C5BF211309774006C4F5B /* LocationCell.m in Sources */,
				0BE6F80011323F6900AA2BCF /* FailureSheet.m in Sources */,
				0BD618861134446500050C25 /* NSString+Extras.m in Sources */,
				0BD618BB113446B400050C25 /* EMKeychain.m in Sources */,
				0BB3ED3811444656008CC281 /* UploadName.m in Sources */,
				0BCBD273114D597D006C12BE /* FinderService.m in Sources */,
				0B4627A2114D9DCA00198C23 /* LocationMessage.m in Sources */,
				0B4627D1114DB4A600198C23 /* SystemVersion.m in Sources */,
				0B72FE001156D21D00085DCD /* FinderItem.m in Sources */,
				0B86BC971157C201005C44E4 /* Controller+Growl.m in Sources */,
				0B8A6AA8115FD85000DB6E88 /* ProgressMeter.m in Sources */,
				0B106B74117B9F67006739B8 /* FNApplicationGlue.m in Sources */,
				0B106B75117B9F67006739B8 /* FNCommandGlue.m in Sources */,
				0B106B76117B9F67006739B8 /* FNConstantGlue.m in Sources */,
				0B106B77117B9F67006739B8 /* FNReferenceGlue.m in Sources */,
				0B106B78117B9F67006739B8 /* FNReferenceRendererGlue.m in Sources */,
				0B2BF258119CF9EF00E3DDEA /* TransferTable.m in Sources */,
				0B32ADAF119E0C9E00225E8D /* NSMenu+Extras.m in Sources */,
				0B3B244F119E1392007E440D /* FileTransfer+NSCoding.m in Sources */,
				0B3B2575119F7BFF007E440D /* Controller+TransferMenu.m in Sources */,
			);
			runOnlyForDeploymentPostprocessing = 0;
		};
/* End PBXSourcesBuildPhase section */

/* Begin PBXVariantGroup section */
		089C165CFE840E0CC02AAC07 /* InfoPlist.strings */ = {
			isa = PBXVariantGroup;
			children = (
				089C165DFE840E0CC02AAC07 /* English */,
			);
			name = InfoPlist.strings;
			sourceTree = "<group>";
		};
		0BAB8D361127480A00AD061A /* LocationSheet.xib */ = {
			isa = PBXVariantGroup;
			children = (
				0BAB8D371127480A00AD061A /* English */,
			);
			name = LocationSheet.xib;
			sourceTree = "<group>";
		};
		0BAB8D381127480A00AD061A /* PasswordSheet.xib */ = {
			isa = PBXVariantGroup;
			children = (
				0BAB8D391127480A00AD061A /* English */,
			);
			name = PasswordSheet.xib;
			sourceTree = "<group>";
		};
		0BAB8D3A1127480A00AD061A /* WelcomeView.xib */ = {
			isa = PBXVariantGroup;
			children = (
				0BAB8D3B1127480A00AD061A /* English */,
			);
			name = WelcomeView.xib;
			sourceTree = "<group>";
		};
		0BBCEA5A11323E01001676F3 /* FailureSheet.xib */ = {
			isa = PBXVariantGroup;
			children = (
				0BBCEA1A11323B79001676F3 /* English */,
			);
			name = FailureSheet.xib;
			sourceTree = "<group>";
		};
		1DDD58140DA1D0A300B32029 /* MainMenu.xib */ = {
			isa = PBXVariantGroup;
			children = (
				1DDD58150DA1D0A300B32029 /* English */,
			);
			name = MainMenu.xib;
			sourceTree = "<group>";
		};
/* End PBXVariantGroup section */

/* Begin XCBuildConfiguration section */
		0B19DE7E11274B1700B13C62 /* Debug */ = {
			isa = XCBuildConfiguration;
			buildSettings = {
				ALWAYS_SEARCH_USER_PATHS = NO;
				COPY_PHASE_STRIP = NO;
				FRAMEWORK_SEARCH_PATHS = (
					"$(inherited)",
					"\"$(SRCROOT)/../../../Library/Frameworks\"",
				);
				GCC_DYNAMIC_NO_PIC = NO;
				GCC_ENABLE_FIX_AND_CONTINUE = YES;
				GCC_MODEL_TUNING = G5;
				GCC_OPTIMIZATION_LEVEL = 0;
				GCC_PRECOMPILE_PREFIX_HEADER = YES;
				GCC_PREFIX_HEADER = "$(SYSTEM_LIBRARY_DIR)/Frameworks/Carbon.framework/Headers/Carbon.h";
				INFOPLIST_FILE = "OneWayPlugin-Info.plist";
				INSTALL_PATH = "$(HOME)/Library/Bundles";
				OTHER_LDFLAGS = (
					"-framework",
					Carbon,
				);
				PREBINDING = NO;
				PRODUCT_NAME = OneWayPlugin;
				WRAPPER_EXTENSION = plugin;
			};
			name = Debug;
		};
		0B19DE7F11274B1700B13C62 /* Release */ = {
			isa = XCBuildConfiguration;
			buildSettings = {
				ALWAYS_SEARCH_USER_PATHS = NO;
				COPY_PHASE_STRIP = YES;
				DEBUG_INFORMATION_FORMAT = "dwarf-with-dsym";
				FRAMEWORK_SEARCH_PATHS = (
					"$(inherited)",
					"\"$(SRCROOT)/../../../Library/Frameworks\"",
				);
				GCC_ENABLE_FIX_AND_CONTINUE = NO;
				GCC_MODEL_TUNING = G5;
				GCC_PRECOMPILE_PREFIX_HEADER = YES;
				GCC_PREFIX_HEADER = "$(SYSTEM_LIBRARY_DIR)/Frameworks/Carbon.framework/Headers/Carbon.h";
				INFOPLIST_FILE = "OneWayPlugin-Info.plist";
				INSTALL_PATH = "$(HOME)/Library/Bundles";
				OTHER_LDFLAGS = (
					"-framework",
					Carbon,
				);
				PREBINDING = NO;
				PRODUCT_NAME = OneWayPlugin;
				WRAPPER_EXTENSION = plugin;
				ZERO_LINK = NO;
			};
			name = Release;
		};
		C01FCF4B08A954540054247B /* Debug */ = {
			isa = XCBuildConfiguration;
			buildSettings = {
				ALWAYS_SEARCH_USER_PATHS = YES;
				COPY_PHASE_STRIP = NO;
				FRAMEWORK_SEARCH_PATHS = (
					"$(inherited)",
					"\"$HOME/Library/Frameworks\"/**",
					"\"$(SRCROOT)/../../../Library/Frameworks\"",
				);
				GCC_DYNAMIC_NO_PIC = NO;
				GCC_ENABLE_FIX_AND_CONTINUE = YES;
				GCC_MODEL_TUNING = G5;
				GCC_OPTIMIZATION_LEVEL = 0;
				GCC_PRECOMPILE_PREFIX_HEADER = YES;
				GCC_PREFIX_HEADER = OneWay_Prefix.pch;
				HEADER_SEARCH_PATHS = "";
				INFOPLIST_FILE = Info.plist;
				INSTALL_PATH = "$(HOME)/Applications";
				PRODUCT_NAME = OneWay;
				USER_HEADER_SEARCH_PATHS = "";
			};
			name = Debug;
		};
		C01FCF4C08A954540054247B /* Release */ = {
			isa = XCBuildConfiguration;
			buildSettings = {
				ALWAYS_SEARCH_USER_PATHS = YES;
				DEBUG_INFORMATION_FORMAT = "dwarf-with-dsym";
				FRAMEWORK_SEARCH_PATHS = (
					"$(inherited)",
					"\"$HOME/Library/Frameworks\"/**",
					"\"$(SRCROOT)/../../../Library/Frameworks\"",
				);
				GCC_MODEL_TUNING = G5;
				GCC_PRECOMPILE_PREFIX_HEADER = YES;
				GCC_PREFIX_HEADER = OneWay_Prefix.pch;
				HEADER_SEARCH_PATHS = "";
				INFOPLIST_FILE = Info.plist;
				INSTALL_PATH = "$(HOME)/Applications";
				PRODUCT_NAME = OneWay;
				USER_HEADER_SEARCH_PATHS = "";
			};
			name = Release;
		};
		C01FCF4F08A954540054247B /* Debug */ = {
			isa = XCBuildConfiguration;
			buildSettings = {
				ARCHS = "$(ARCHS_STANDARD_32_BIT)";
				GCC_C_LANGUAGE_STANDARD = c99;
				GCC_OPTIMIZATION_LEVEL = 0;
				GCC_WARN_ABOUT_RETURN_TYPE = YES;
				GCC_WARN_UNUSED_VARIABLE = YES;
				ONLY_ACTIVE_ARCH = YES;
				PREBINDING = NO;
				SDKROOT = macosx10.5;
			};
			name = Debug;
		};
		C01FCF5008A954540054247B /* Release */ = {
			isa = XCBuildConfiguration;
			buildSettings = {
				ARCHS = "$(ARCHS_STANDARD_32_BIT)";
				GCC_C_LANGUAGE_STANDARD = c99;
				GCC_WARN_ABOUT_RETURN_TYPE = YES;
				GCC_WARN_UNUSED_VARIABLE = YES;
				PREBINDING = NO;
				SDKROOT = macosx10.5;
			};
			name = Release;
		};
/* End XCBuildConfiguration section */

/* Begin XCConfigurationList section */
		0B19DE8311274B2200B13C62 /* Build configuration list for PBXNativeTarget "OneWayPlugin" */ = {
			isa = XCConfigurationList;
			buildConfigurations = (
				0B19DE7E11274B1700B13C62 /* Debug */,
				0B19DE7F11274B1700B13C62 /* Release */,
			);
			defaultConfigurationIsVisible = 0;
			defaultConfigurationName = Release;
		};
		C01FCF4A08A954540054247B /* Build configuration list for PBXNativeTarget "OneWay" */ = {
			isa = XCConfigurationList;
			buildConfigurations = (
				C01FCF4B08A954540054247B /* Debug */,
				C01FCF4C08A954540054247B /* Release */,
			);
			defaultConfigurationIsVisible = 0;
			defaultConfigurationName = Release;
		};
		C01FCF4E08A954540054247B /* Build configuration list for PBXProject "OneWay" */ = {
			isa = XCConfigurationList;
			buildConfigurations = (
				C01FCF4F08A954540054247B /* Debug */,
				C01FCF5008A954540054247B /* Release */,
			);
			defaultConfigurationIsVisible = 0;
			defaultConfigurationName = Release;
		};
/* End XCConfigurationList section */
	};
	rootObject = 29B97313FDCFA39411CA2CEA /* Project object */;
}
